
Microsoft Visual Studio Solution File, Format Version 12.00
# Visual Studio Version 17
VisualStudioVersion = 17.10.35013.160
MinimumVisualStudioVersion = 10.0.40219.1
Project("{FAE04EC0-301F-11D3-BF4B-00C04F79EFBC}") = "CASSIEUpdate", "CASSIEUpdate\CASSIEUpdate.csproj", "{7FE712C8-C35A-4D06-9399-BD1F34FC194F}"
EndProject
Global
	GlobalSection(SolutionConfigurationPlatforms) = preSolution
		Debug|Any CPU = Debug|Any CPU
		Release|Any CPU = Release|Any CPU
	EndGlobalSection
	GlobalSection(ProjectConfigurationPlatforms) = postSolution
		{7FE712C8-C35A-4D06-9399-BD1F34FC194F}.Debug|Any CPU.ActiveCfg = Debug|Any CPU
		{7FE712C8-C35A-4D06-9399-BD1F34FC194F}.Debug|Any CPU.Build.0 = Debug|Any CPU
		{7FE712C8-C35A-4D06-9399-BD1F34FC194F}.Release|Any CPU.ActiveCfg = Release|Any CPU
		{7FE712C8-C35A-4D06-9399-BD1F34FC194F}.Release|Any CPU.Build.0 = Release|Any CPU
	EndGlobalSection
	GlobalSection(SolutionProperties) = preSolution
		HideSolutionNode = FALSE
	EndGlobalSection
	GlobalSection(ExtensibilityGlobals) = postSolution
		SolutionGuid = {A4523AF0-1CD5-4893-A06F-C4C130869BDA}
	EndGlobalSection
EndGlobal
